{
  "version": 4,
  "terraform_version": "1.11.4",
  "serial": 95,
  "lineage": "cc7d1b81-cf6b-a1e4-9b49-1f14bdf8cbfc",
  "outputs": {
    "api_url": {
      "value": "https://4cnn2zwtqe.execute-api.eu-central-1.amazonaws.com/dev",
      "type": "string"
    },
    "app_domain": {
      "value": "habify.leitnersoft.com",
      "type": "string"
    },
    "cloudfront_url": {
      "value": "d2ufe2249q2zrf.cloudfront.net",
      "type": "string"
    },
    "cognito_domain": {
      "value": "https://habify-dev.auth.eu-central-1.amazoncognito.com",
      "type": "string"
    },
    "cognito_user_pool_client_id": {
      "value": "1na2a6kp8iuudhllioe7pk5n98",
      "type": "string"
    },
    "cognito_user_pool_id": {
      "value": "eu-central-1_CyT2Njhv2",
      "type": "string"
    },
    "pwa_app_domain": {
      "value": "app.habify.leitnersoft.com",
      "type": "string"
    }
  },
  "resources": [
    {
      "mode": "data",
      "type": "archive_file",
      "name": "lambda",
      "provider": "provider[\"registry.terraform.io/hashicorp/archive\"]",
      "instances": [
        {
          "schema_version": 0,
          "attributes": {
            "exclude_symlink_directories": null,
            "excludes": null,
            "id": "a7bbb3f02e078988a14ebb01974d81ad7dc2609a",
            "output_base64sha256": "kTSdWgl60eQyiolFkGVZPua4J8t8Txy49QWUUik6o8I=",
            "output_base64sha512": "VEo+G0eicWF8rx1v7IB30Xt6sNRnUn7XZwFIbn9WmMYne25sTGI58WGOcWxp7WY8SEPk054SsysguPIyt8PBnw==",
            "output_file_mode": null,
            "output_md5": "35dc4097c8341c73b5ab6bcde6d7f98b",
            "output_path": "./.terraform-artifacts/lambda.zip",
            "output_sha": "a7bbb3f02e078988a14ebb01974d81ad7dc2609a",
            "output_sha256": "91349d5a097ad1e4328a89459065593ee6b827cb7c4f1cb8f5059452293aa3c2",
            "output_sha512": "544a3e1b47a271617caf1d6fec8077d17b7ab0d467527ed76701486e7f5698c6277b6e6c4c6239f1618e716c69ed663c4843e4d39e12b32b20b8f232b7c3c19f",
            "output_size": 4860,
            "source": [],
            "source_content": null,
            "source_content_filename": null,
            "source_dir": "./../../lambda",
            "source_file": null,
            "type": "zip"
          },
          "sensitive_attributes": []
        }
      ]
    },
    {
      "mode": "data",
      "type": "aws_route53_zone",
      "name": "root",
      "provider": "provider[\"registry.terraform.io/hashicorp/aws\"]",
      "instances": [
        {
          "schema_version": 0,
          "attributes": {
            "arn": "arn:aws:route53:::hostedzone/Z09645642QWJY8XEPXSNJ",
            "caller_reference": "RISWorkflow-RD:e0aa31f5-ebd0-4d7c-a5b8-b6924cf73c14",
            "comment": "HostedZone created by Route53 Registrar",
            "id": "Z09645642QWJY8XEPXSNJ",
            "linked_service_description": null,
            "linked_service_principal": null,
            "name": "leitnersoft.com",
            "name_servers": [
              "ns-124.awsdns-15.com",
              "ns-1335.awsdns-38.org",
              "ns-1767.awsdns-28.co.uk",
              "ns-863.awsdns-43.net"
            ],
            "primary_name_server": "ns-124.awsdns-15.com",
            "private_zone": false,
            "resource_record_set_count": 38,
            "tags": {},
            "vpc_id": null,
            "zone_id": "Z09645642QWJY8XEPXSNJ"
          },
          "sensitive_attributes": []
        }
      ]
    },
    {
      "mode": "managed",
      "type": "aws_acm_certificate",
      "name": "app",
      "provider": "provider[\"registry.terraform.io/hashicorp/aws\"].us_east_1",
      "instances": [
        {
          "schema_version": 0,
          "attributes": {
            "arn": "arn:aws:acm:us-east-1:140023375269:certificate/ced56f13-0354-46fb-addf-868f33faa9ee",
            "certificate_authority_arn": "",
            "certificate_body": null,
            "certificate_chain": null,
            "domain_name": "habify.leitnersoft.com",
            "domain_validation_options": [
              {
                "domain_name": "app.habify.leitnersoft.com",
                "resource_record_name": "_37a8dd8fc63ceacd57d2533dfa34214a.app.habify.leitnersoft.com.",
                "resource_record_type": "CNAME",
                "resource_record_value": "_f8f76a11637e39efa882d11365b3ca94.jkddzztszm.acm-validations.aws."
              },
              {
                "domain_name": "habify.leitnersoft.com",
                "resource_record_name": "_486b135924a7b78452d2301ad8dbad1d.habify.leitnersoft.com.",
                "resource_record_type": "CNAME",
                "resource_record_value": "_21230e97909e77ac84d734d10ca18b54.jkddzztszm.acm-validations.aws."
              }
            ],
            "early_renewal_duration": "",
            "id": "arn:aws:acm:us-east-1:140023375269:certificate/ced56f13-0354-46fb-addf-868f33faa9ee",
            "key_algorithm": "RSA_2048",
            "not_after": "2026-12-30T23:59:59Z",
            "not_before": "2025-12-01T00:00:00Z",
            "options": [
              {
                "certificate_transparency_logging_preference": "ENABLED"
              }
            ],
            "pending_renewal": false,
            "private_key": null,
            "renewal_eligibility": "ELIGIBLE",
            "renewal_summary": [],
            "status": "ISSUED",
            "subject_alternative_names": [
              "app.habify.leitnersoft.com",
              "habify.leitnersoft.com"
            ],
            "tags": {},
            "tags_all": {},
            "type": "AMAZON_ISSUED",
            "validation_emails": [],
            "validation_method": "DNS",
            "validation_option": []
          },
          "sensitive_attributes": [
            [
              {
                "type": "get_attr",
                "value": "private_key"
              }
            ]
          ],
          "private": "bnVsbA==",
          "create_before_destroy": true
        }
      ]
    },
    {
      "mode": "managed",
      "type": "aws_acm_certificate_validation",
      "name": "app",
      "provider": "provider[\"registry.terraform.io/hashicorp/aws\"].us_east_1",
      "instances": [
        {
          "schema_version": 0,
          "attributes": {
            "certificate_arn": "arn:aws:acm:us-east-1:140023375269:certificate/ced56f13-0354-46fb-addf-868f33faa9ee",
            "id": "2025-12-01 14:47:26.426 +0000 UTC",
            "timeouts": null,
            "validation_record_fqdns": [
              "_37a8dd8fc63ceacd57d2533dfa34214a.app.habify.leitnersoft.com",
              "_486b135924a7b78452d2301ad8dbad1d.habify.leitnersoft.com"
            ]
          },
          "sensitive_attributes": [],
          "private": "eyJlMmJmYjczMC1lY2FhLTExZTYtOGY4OC0zNDM2M2JjN2M0YzAiOnsiY3JlYXRlIjo0NTAwMDAwMDAwMDAwfX0=",
          "dependencies": [
            "aws_acm_certificate.app",
            "aws_route53_record.certificate_validation",
            "data.aws_route53_zone.root"
          ]
        }
      ]
    },
    {
      "mode": "managed",
      "type": "aws_apigatewayv2_api",
      "name": "habify",
      "provider": "provider[\"registry.terraform.io/hashicorp/aws\"]",
      "instances": [
        {
          "schema_version": 0,
          "attributes": {
            "api_endpoint": "https://4cnn2zwtqe.execute-api.eu-central-1.amazonaws.com",
            "api_key_selection_expression": "$request.header.x-api-key",
            "arn": "arn:aws:apigateway:eu-central-1::/apis/4cnn2zwtqe",
            "body": null,
            "cors_configuration": [],
            "credentials_arn": null,
            "description": "",
            "disable_execute_api_endpoint": false,
            "execution_arn": "arn:aws:execute-api:eu-central-1:140023375269:4cnn2zwtqe",
            "fail_on_warnings": null,
            "id": "4cnn2zwtqe",
            "ip_address_type": "ipv4",
            "name": "habify-dev-api",
            "protocol_type": "HTTP",
            "route_key": null,
            "route_selection_expression": "$request.method $request.path",
            "tags": {},
            "tags_all": {},
            "target": null,
            "version": ""
          },
          "sensitive_attributes": [],
          "private": "bnVsbA=="
        }
      ]
    },
    {
      "mode": "managed",
      "type": "aws_apigatewayv2_integration",
      "name": "lambda",
      "provider": "provider[\"registry.terraform.io/hashicorp/aws\"]",
      "instances": [
        {
          "schema_version": 0,
          "attributes": {
            "api_id": "4cnn2zwtqe",
            "connection_id": "",
            "connection_type": "INTERNET",
            "content_handling_strategy": "",
            "credentials_arn": "",
            "description": "",
            "id": "bcoxz3a",
            "integration_method": "POST",
            "integration_response_selection_expression": "",
            "integration_subtype": "",
            "integration_type": "AWS_PROXY",
            "integration_uri": "arn:aws:apigateway:eu-central-1:lambda:path/2015-03-31/functions/arn:aws:lambda:eu-central-1:140023375269:function:habify-dev-api/invocations",
            "passthrough_behavior": "",
            "payload_format_version": "2.0",
            "request_parameters": {},
            "request_templates": {},
            "response_parameters": [],
            "template_selection_expression": "",
            "timeout_milliseconds": 30000,
            "tls_config": []
          },
          "sensitive_attributes": [],
          "private": "bnVsbA==",
          "dependencies": [
            "aws_apigatewayv2_api.habify",
            "aws_dynamodb_table.activities",
            "aws_dynamodb_table.highlights",
            "aws_dynamodb_table.logs",
            "aws_iam_role.lambda",
            "aws_lambda_function.api",
            "data.archive_file.lambda"
          ]
        }
      ]
    },
    {
      "mode": "managed",
      "type": "aws_apigatewayv2_route",
      "name": "api_options_routes",
      "provider": "provider[\"registry.terraform.io/hashicorp/aws\"]",
      "instances": [
        {
          "index_key": "/activities/add",
          "schema_version": 0,
          "attributes": {
            "api_id": "4cnn2zwtqe",
            "api_key_required": false,
            "authorization_scopes": [],
            "authorization_type": "NONE",
            "authorizer_id": "",
            "id": "etbxvtf",
            "model_selection_expression": "",
            "operation_name": "",
            "request_models": {},
            "request_parameter": [],
            "route_key": "OPTIONS /activities/add",
            "route_response_selection_expression": "",
            "target": "integrations/bcoxz3a"
          },
          "sensitive_attributes": [],
          "private": "bnVsbA==",
          "dependencies": [
            "aws_apigatewayv2_api.habify",
            "aws_apigatewayv2_integration.lambda",
            "aws_dynamodb_table.activities",
            "aws_dynamodb_table.highlights",
            "aws_dynamodb_table.logs",
            "aws_iam_role.lambda",
            "aws_lambda_function.api",
            "data.archive_file.lambda"
          ]
        },
        {
          "index_key": "/activities/delete",
          "schema_version": 0,
          "attributes": {
            "api_id": "4cnn2zwtqe",
            "api_key_required": false,
            "authorization_scopes": [],
            "authorization_type": "NONE",
            "authorizer_id": "",
            "id": "u7pgavd",
            "model_selection_expression": "",
            "operation_name": "",
            "request_models": {},
            "request_parameter": [],
            "route_key": "OPTIONS /activities/delete",
            "route_response_selection_expression": "",
            "target": "integrations/bcoxz3a"
          },
          "sensitive_attributes": [],
          "private": "bnVsbA==",
          "dependencies": [
            "aws_apigatewayv2_api.habify",
            "aws_apigatewayv2_integration.lambda",
            "aws_dynamodb_table.activities",
            "aws_dynamodb_table.highlights",
            "aws_dynamodb_table.logs",
            "aws_iam_role.lambda",
            "aws_lambda_function.api",
            "data.archive_file.lambda"
          ]
        },
        {
          "index_key": "/activities/list",
          "schema_version": 0,
          "attributes": {
            "api_id": "4cnn2zwtqe",
            "api_key_required": false,
            "authorization_scopes": [],
            "authorization_type": "NONE",
            "authorizer_id": "",
            "id": "pieq3sb",
            "model_selection_expression": "",
            "operation_name": "",
            "request_models": {},
            "request_parameter": [],
            "route_key": "OPTIONS /activities/list",
            "route_response_selection_expression": "",
            "target": "integrations/bcoxz3a"
          },
          "sensitive_attributes": [],
          "private": "bnVsbA==",
          "dependencies": [
            "aws_apigatewayv2_api.habify",
            "aws_apigatewayv2_integration.lambda",
            "aws_dynamodb_table.activities",
            "aws_dynamodb_table.highlights",
            "aws_dynamodb_table.logs",
            "aws_iam_role.lambda",
            "aws_lambda_function.api",
            "data.archive_file.lambda"
          ]
        },
        {
          "index_key": "/activities/update",
          "schema_version": 0,
          "attributes": {
            "api_id": "4cnn2zwtqe",
            "api_key_required": false,
            "authorization_scopes": [],
            "authorization_type": "NONE",
            "authorizer_id": "",
            "id": "ckznhnl",
            "model_selection_expression": "",
            "operation_name": "",
            "request_models": {},
            "request_parameter": [],
            "route_key": "OPTIONS /activities/update",
            "route_response_selection_expression": "",
            "target": "integrations/bcoxz3a"
          },
          "sensitive_attributes": [],
          "private": "bnVsbA==",
          "dependencies": [
            "aws_apigatewayv2_api.habify",
            "aws_apigatewayv2_integration.lambda",
            "aws_dynamodb_table.activities",
            "aws_dynamodb_table.highlights",
            "aws_dynamodb_table.logs",
            "aws_iam_role.lambda",
            "aws_lambda_function.api",
            "data.archive_file.lambda"
          ]
        },
        {
          "index_key": "/highlights/add",
          "schema_version": 0,
          "attributes": {
            "api_id": "4cnn2zwtqe",
            "api_key_required": false,
            "authorization_scopes": [],
            "authorization_type": "NONE",
            "authorizer_id": "",
            "id": "6ehjslp",
            "model_selection_expression": "",
            "operation_name": "",
            "request_models": {},
            "request_parameter": [],
            "route_key": "OPTIONS /highlights/add",
            "route_response_selection_expression": "",
            "target": "integrations/bcoxz3a"
          },
          "sensitive_attributes": [],
          "private": "bnVsbA==",
          "dependencies": [
            "aws_apigatewayv2_api.habify",
            "aws_apigatewayv2_integration.lambda",
            "aws_dynamodb_table.activities",
            "aws_dynamodb_table.highlights",
            "aws_dynamodb_table.logs",
            "aws_iam_role.lambda",
            "aws_lambda_function.api",
            "data.archive_file.lambda"
          ]
        },
        {
          "index_key": "/highlights/delete",
          "schema_version": 0,
          "attributes": {
            "api_id": "4cnn2zwtqe",
            "api_key_required": false,
            "authorization_scopes": [],
            "authorization_type": "NONE",
            "authorizer_id": "",
            "id": "o5v4dcv",
            "model_selection_expression": "",
            "operation_name": "",
            "request_models": {},
            "request_parameter": [],
            "route_key": "OPTIONS /highlights/delete",
            "route_response_selection_expression": "",
            "target": "integrations/bcoxz3a"
          },
          "sensitive_attributes": [],
          "private": "bnVsbA==",
          "dependencies": [
            "aws_apigatewayv2_api.habify",
            "aws_apigatewayv2_integration.lambda",
            "aws_dynamodb_table.activities",
            "aws_dynamodb_table.highlights",
            "aws_dynamodb_table.logs",
            "aws_iam_role.lambda",
            "aws_lambda_function.api",
            "data.archive_file.lambda"
          ]
        },
        {
          "index_key": "/highlights/list",
          "schema_version": 0,
          "attributes": {
            "api_id": "4cnn2zwtqe",
            "api_key_required": false,
            "authorization_scopes": [],
            "authorization_type": "NONE",
            "authorizer_id": "",
            "id": "dqwso14",
            "model_selection_expression": "",
            "operation_name": "",
            "request_models": {},
            "request_parameter": [],
            "route_key": "OPTIONS /highlights/list",
            "route_response_selection_expression": "",
            "target": "integrations/bcoxz3a"
          },
          "sensitive_attributes": [],
          "private": "bnVsbA==",
          "dependencies": [
            "aws_apigatewayv2_api.habify",
            "aws_apigatewayv2_integration.lambda",
            "aws_dynamodb_table.activities",
            "aws_dynamodb_table.highlights",
            "aws_dynamodb_table.logs",
            "aws_iam_role.lambda",
            "aws_lambda_function.api",
            "data.archive_file.lambda"
          ]
        },
        {
          "index_key": "/highlights/update",
          "schema_version": 0,
          "attributes": {
            "api_id": "4cnn2zwtqe",
            "api_key_required": false,
            "authorization_scopes": [],
            "authorization_type": "NONE",
            "authorizer_id": "",
            "id": "ecrus5j",
            "model_selection_expression": "",
            "operation_name": "",
            "request_models": {},
            "request_parameter": [],
            "route_key": "OPTIONS /highlights/update",
            "route_response_selection_expression": "",
            "target": "integrations/bcoxz3a"
          },
          "sensitive_attributes": [],
          "private": "bnVsbA==",
          "dependencies": [
            "aws_apigatewayv2_api.habify",
            "aws_apigatewayv2_integration.lambda",
            "aws_dynamodb_table.activities",
            "aws_dynamodb_table.highlights",
            "aws_dynamodb_table.logs",
            "aws_iam_role.lambda",
            "aws_lambda_function.api",
            "data.archive_file.lambda"
          ]
        },
        {
          "index_key": "/logs/add",
          "schema_version": 0,
          "attributes": {
            "api_id": "4cnn2zwtqe",
            "api_key_required": false,
            "authorization_scopes": [],
            "authorization_type": "NONE",
            "authorizer_id": "",
            "id": "b58bcfe",
            "model_selection_expression": "",
            "operation_name": "",
            "request_models": {},
            "request_parameter": [],
            "route_key": "OPTIONS /logs/add",
            "route_response_selection_expression": "",
            "target": "integrations/bcoxz3a"
          },
          "sensitive_attributes": [],
          "private": "bnVsbA==",
          "dependencies": [
            "aws_apigatewayv2_api.habify",
            "aws_apigatewayv2_integration.lambda",
            "aws_dynamodb_table.activities",
            "aws_dynamodb_table.highlights",
            "aws_dynamodb_table.logs",
            "aws_iam_role.lambda",
            "aws_lambda_function.api",
            "data.archive_file.lambda"
          ]
        },
        {
          "index_key": "/logs/delete",
          "schema_version": 0,
          "attributes": {
            "api_id": "4cnn2zwtqe",
            "api_key_required": false,
            "authorization_scopes": [],
            "authorization_type": "NONE",
            "authorizer_id": "",
            "id": "rmhaglu",
            "model_selection_expression": "",
            "operation_name": "",
            "request_models": {},
            "request_parameter": [],
            "route_key": "OPTIONS /logs/delete",
            "route_response_selection_expression": "",
            "target": "integrations/bcoxz3a"
          },
          "sensitive_attributes": [],
          "private": "bnVsbA==",
          "dependencies": [
            "aws_apigatewayv2_api.habify",
            "aws_apigatewayv2_integration.lambda",
            "aws_dynamodb_table.activities",
            "aws_dynamodb_table.highlights",
            "aws_dynamodb_table.logs",
            "aws_iam_role.lambda",
            "aws_lambda_function.api",
            "data.archive_file.lambda"
          ]
        },
        {
          "index_key": "/logs/list",
          "schema_version": 0,
          "attributes": {
            "api_id": "4cnn2zwtqe",
            "api_key_required": false,
            "authorization_scopes": [],
            "authorization_type": "NONE",
            "authorizer_id": "",
            "id": "huo56de",
            "model_selection_expression": "",
            "operation_name": "",
            "request_models": {},
            "request_parameter": [],
            "route_key": "OPTIONS /logs/list",
            "route_response_selection_expression": "",
            "target": "integrations/bcoxz3a"
          },
          "sensitive_attributes": [],
          "private": "bnVsbA==",
          "dependencies": [
            "aws_apigatewayv2_api.habify",
            "aws_apigatewayv2_integration.lambda",
            "aws_dynamodb_table.activities",
            "aws_dynamodb_table.highlights",
            "aws_dynamodb_table.logs",
            "aws_iam_role.lambda",
            "aws_lambda_function.api",
            "data.archive_file.lambda"
          ]
        },
        {
          "index_key": "/logs/update",
          "schema_version": 0,
          "attributes": {
            "api_id": "4cnn2zwtqe",
            "api_key_required": false,
            "authorization_scopes": [],
            "authorization_type": "NONE",
            "authorizer_id": "",
            "id": "m9uf04m",
            "model_selection_expression": "",
            "operation_name": "",
            "request_models": {},
            "request_parameter": [],
            "route_key": "OPTIONS /logs/update",
            "route_response_selection_expression": "",
            "target": "integrations/bcoxz3a"
          },
          "sensitive_attributes": [],
          "private": "bnVsbA==",
          "dependencies": [
            "aws_apigatewayv2_api.habify",
            "aws_apigatewayv2_integration.lambda",
            "aws_dynamodb_table.activities",
            "aws_dynamodb_table.highlights",
            "aws_dynamodb_table.logs",
            "aws_iam_role.lambda",
            "aws_lambda_function.api",
            "data.archive_file.lambda"
          ]
        },
        {
          "index_key": "/stats/month",
          "schema_version": 0,
          "attributes": {
            "api_id": "4cnn2zwtqe",
            "api_key_required": false,
            "authorization_scopes": [],
            "authorization_type": "NONE",
            "authorizer_id": "",
            "id": "5rbz9w4",
            "model_selection_expression": "",
            "operation_name": "",
            "request_models": {},
            "request_parameter": [],
            "route_key": "OPTIONS /stats/month",
            "route_response_selection_expression": "",
            "target": "integrations/bcoxz3a"
          },
          "sensitive_attributes": [],
          "private": "bnVsbA==",
          "dependencies": [
            "aws_apigatewayv2_api.habify",
            "aws_apigatewayv2_integration.lambda",
            "aws_dynamodb_table.activities",
            "aws_dynamodb_table.highlights",
            "aws_dynamodb_table.logs",
            "aws_iam_role.lambda",
            "aws_lambda_function.api",
            "data.archive_file.lambda"
          ]
        },
        {
          "index_key": "/stats/today",
          "schema_version": 0,
          "attributes": {
            "api_id": "4cnn2zwtqe",
            "api_key_required": false,
            "authorization_scopes": [],
            "authorization_type": "NONE",
            "authorizer_id": "",
            "id": "grq9gkh",
            "model_selection_expression": "",
            "operation_name": "",
            "request_models": {},
            "request_parameter": [],
            "route_key": "OPTIONS /stats/today",
            "route_response_selection_expression": "",
            "target": "integrations/bcoxz3a"
          },
          "sensitive_attributes": [],
          "private": "bnVsbA==",
          "dependencies": [
            "aws_apigatewayv2_api.habify",
            "aws_apigatewayv2_integration.lambda",
            "aws_dynamodb_table.activities",
            "aws_dynamodb_table.highlights",
            "aws_dynamodb_table.logs",
            "aws_iam_role.lambda",
            "aws_lambda_function.api",
            "data.archive_file.lambda"
          ]
        },
        {
          "index_key": "/stats/week",
          "schema_version": 0,
          "attributes": {
            "api_id": "4cnn2zwtqe",
            "api_key_required": false,
            "authorization_scopes": [],
            "authorization_type": "NONE",
            "authorizer_id": "",
            "id": "ycp4dfn",
            "model_selection_expression": "",
            "operation_name": "",
            "request_models": {},
            "request_parameter": [],
            "route_key": "OPTIONS /stats/week",
            "route_response_selection_expression": "",
            "target": "integrations/bcoxz3a"
          },
          "sensitive_attributes": [],
          "private": "bnVsbA==",
          "dependencies": [
            "aws_apigatewayv2_api.habify",
            "aws_apigatewayv2_integration.lambda",
            "aws_dynamodb_table.activities",
            "aws_dynamodb_table.highlights",
            "aws_dynamodb_table.logs",
            "aws_iam_role.lambda",
            "aws_lambda_function.api",
            "data.archive_file.lambda"
          ]
        }
      ]
    },
    {
      "mode": "managed",
      "type": "aws_apigatewayv2_route",
      "name": "api_routes",
      "provider": "provider[\"registry.terraform.io/hashicorp/aws\"]",
      "instances": [
        {
          "index_key": "/activities/add",
          "schema_version": 0,
          "attributes": {
            "api_id": "4cnn2zwtqe",
            "api_key_required": false,
            "authorization_scopes": [],
            "authorization_type": "NONE",
            "authorizer_id": "",
            "id": "icmnu32",
            "model_selection_expression": "",
            "operation_name": "",
            "request_models": {},
            "request_parameter": [],
            "route_key": "POST /activities/add",
            "route_response_selection_expression": "",
            "target": "integrations/bcoxz3a"
          },
          "sensitive_attributes": [],
          "private": "bnVsbA==",
          "dependencies": [
            "aws_apigatewayv2_api.habify",
            "aws_apigatewayv2_integration.lambda",
            "aws_dynamodb_table.activities",
            "aws_dynamodb_table.highlights",
            "aws_dynamodb_table.logs",
            "aws_iam_role.lambda",
            "aws_lambda_function.api",
            "data.archive_file.lambda"
          ]
        },
        {
          "index_key": "/activities/delete",
          "schema_version": 0,
          "attributes": {
            "api_id": "4cnn2zwtqe",
            "api_key_required": false,
            "authorization_scopes": [],
            "authorization_type": "NONE",
            "authorizer_id": "",
            "id": "e395imd",
            "model_selection_expression": "",
            "operation_name": "",
            "request_models": {},
            "request_parameter": [],
            "route_key": "POST /activities/delete",
            "route_response_selection_expression": "",
            "target": "integrations/bcoxz3a"
          },
          "sensitive_attributes": [],
          "private": "bnVsbA==",
          "dependencies": [
            "aws_apigatewayv2_api.habify",
            "aws_apigatewayv2_integration.lambda",
            "aws_dynamodb_table.activities",
            "aws_dynamodb_table.highlights",
            "aws_dynamodb_table.logs",
            "aws_iam_role.lambda",
            "aws_lambda_function.api",
            "data.archive_file.lambda"
          ]
        },
        {
          "index_key": "/activities/list",
          "schema_version": 0,
          "attributes": {
            "api_id": "4cnn2zwtqe",
            "api_key_required": false,
            "authorization_scopes": [],
            "authorization_type": "NONE",
            "authorizer_id": "",
            "id": "nccrqpf",
            "model_selection_expression": "",
            "operation_name": "",
            "request_models": {},
            "request_parameter": [],
            "route_key": "POST /activities/list",
            "route_response_selection_expression": "",
            "target": "integrations/bcoxz3a"
          },
          "sensitive_attributes": [],
          "private": "bnVsbA==",
          "dependencies": [
            "aws_apigatewayv2_api.habify",
            "aws_apigatewayv2_integration.lambda",
            "aws_dynamodb_table.activities",
            "aws_dynamodb_table.highlights",
            "aws_dynamodb_table.logs",
            "aws_iam_role.lambda",
            "aws_lambda_function.api",
            "data.archive_file.lambda"
          ]
        },
        {
          "index_key": "/activities/update",
          "schema_version": 0,
          "attributes": {
            "api_id": "4cnn2zwtqe",
            "api_key_required": false,
            "authorization_scopes": [],
            "authorization_type": "NONE",
            "authorizer_id": "",
            "id": "kd29uf5",
            "model_selection_expression": "",
            "operation_name": "",
            "request_models": {},
            "request_parameter": [],
            "route_key": "POST /activities/update",
            "route_response_selection_expression": "",
            "target": "integrations/bcoxz3a"
          },
          "sensitive_attributes": [],
          "private": "bnVsbA==",
          "dependencies": [
            "aws_apigatewayv2_api.habify",
            "aws_apigatewayv2_integration.lambda",
            "aws_dynamodb_table.activities",
            "aws_dynamodb_table.highlights",
            "aws_dynamodb_table.logs",
            "aws_iam_role.lambda",
            "aws_lambda_function.api",
            "data.archive_file.lambda"
          ]
        },
        {
          "index_key": "/highlights/add",
          "schema_version": 0,
          "attributes": {
            "api_id": "4cnn2zwtqe",
            "api_key_required": false,
            "authorization_scopes": [],
            "authorization_type": "NONE",
            "authorizer_id": "",
            "id": "fmrd7pc",
            "model_selection_expression": "",
            "operation_name": "",
            "request_models": {},
            "request_parameter": [],
            "route_key": "POST /highlights/add",
            "route_response_selection_expression": "",
            "target": "integrations/bcoxz3a"
          },
          "sensitive_attributes": [],
          "private": "bnVsbA==",
          "dependencies": [
            "aws_apigatewayv2_api.habify",
            "aws_apigatewayv2_integration.lambda",
            "aws_dynamodb_table.activities",
            "aws_dynamodb_table.highlights",
            "aws_dynamodb_table.logs",
            "aws_iam_role.lambda",
            "aws_lambda_function.api",
            "data.archive_file.lambda"
          ]
        },
        {
          "index_key": "/highlights/delete",
          "schema_version": 0,
          "attributes": {
            "api_id": "4cnn2zwtqe",
            "api_key_required": false,
            "authorization_scopes": [],
            "authorization_type": "NONE",
            "authorizer_id": "",
            "id": "vmj2ds6",
            "model_selection_expression": "",
            "operation_name": "",
            "request_models": {},
            "request_parameter": [],
            "route_key": "POST /highlights/delete",
            "route_response_selection_expression": "",
            "target": "integrations/bcoxz3a"
          },
          "sensitive_attributes": [],
          "private": "bnVsbA==",
          "dependencies": [
            "aws_apigatewayv2_api.habify",
            "aws_apigatewayv2_integration.lambda",
            "aws_dynamodb_table.activities",
            "aws_dynamodb_table.highlights",
            "aws_dynamodb_table.logs",
            "aws_iam_role.lambda",
            "aws_lambda_function.api",
            "data.archive_file.lambda"
          ]
        },
        {
          "index_key": "/highlights/list",
          "schema_version": 0,
          "attributes": {
            "api_id": "4cnn2zwtqe",
            "api_key_required": false,
            "authorization_scopes": [],
            "authorization_type": "NONE",
            "authorizer_id": "",
            "id": "75xmpxs",
            "model_selection_expression": "",
            "operation_name": "",
            "request_models": {},
            "request_parameter": [],
            "route_key": "POST /highlights/list",
            "route_response_selection_expression": "",
            "target": "integrations/bcoxz3a"
          },
          "sensitive_attributes": [],
          "private": "bnVsbA==",
          "dependencies": [
            "aws_apigatewayv2_api.habify",
            "aws_apigatewayv2_integration.lambda",
            "aws_dynamodb_table.activities",
            "aws_dynamodb_table.highlights",
            "aws_dynamodb_table.logs",
            "aws_iam_role.lambda",
            "aws_lambda_function.api",
            "data.archive_file.lambda"
          ]
        },
        {
          "index_key": "/highlights/update",
          "schema_version": 0,
          "attributes": {
            "api_id": "4cnn2zwtqe",
            "api_key_required": false,
            "authorization_scopes": [],
            "authorization_type": "NONE",
            "authorizer_id": "",
            "id": "vustgr2",
            "model_selection_expression": "",
            "operation_name": "",
            "request_models": {},
            "request_parameter": [],
            "route_key": "POST /highlights/update",
            "route_response_selection_expression": "",
            "target": "integrations/bcoxz3a"
          },
          "sensitive_attributes": [],
          "private": "bnVsbA==",
          "dependencies": [
            "aws_apigatewayv2_api.habify",
            "aws_apigatewayv2_integration.lambda",
            "aws_dynamodb_table.activities",
            "aws_dynamodb_table.highlights",
            "aws_dynamodb_table.logs",
            "aws_iam_role.lambda",
            "aws_lambda_function.api",
            "data.archive_file.lambda"
          ]
        },
        {
          "index_key": "/logs/add",
          "schema_version": 0,
          "attributes": {
            "api_id": "4cnn2zwtqe",
            "api_key_required": false,
            "authorization_scopes": [],
            "authorization_type": "NONE",
            "authorizer_id": "",
            "id": "l82w57q",
            "model_selection_expression": "",
            "operation_name": "",
            "request_models": {},
            "request_parameter": [],
            "route_key": "POST /logs/add",
            "route_response_selection_expression": "",
            "target": "integrations/bcoxz3a"
          },
          "sensitive_attributes": [],
          "private": "bnVsbA==",
          "dependencies": [
            "aws_apigatewayv2_api.habify",
            "aws_apigatewayv2_integration.lambda",
            "aws_dynamodb_table.activities",
            "aws_dynamodb_table.highlights",
            "aws_dynamodb_table.logs",
            "aws_iam_role.lambda",
            "aws_lambda_function.api",
            "data.archive_file.lambda"
          ]
        },
        {
          "index_key": "/logs/delete",
          "schema_version": 0,
          "attributes": {
            "api_id": "4cnn2zwtqe",
            "api_key_required": false,
            "authorization_scopes": [],
            "authorization_type": "NONE",
            "authorizer_id": "",
            "id": "dmijvv1",
            "model_selection_expression": "",
            "operation_name": "",
            "request_models": {},
            "request_parameter": [],
            "route_key": "POST /logs/delete",
            "route_response_selection_expression": "",
            "target": "integrations/bcoxz3a"
          },
          "sensitive_attributes": [],
          "private": "bnVsbA==",
          "dependencies": [
            "aws_apigatewayv2_api.habify",
            "aws_apigatewayv2_integration.lambda",
            "aws_dynamodb_table.activities",
            "aws_dynamodb_table.highlights",
            "aws_dynamodb_table.logs",
            "aws_iam_role.lambda",
            "aws_lambda_function.api",
            "data.archive_file.lambda"
          ]
        },
        {
          "index_key": "/logs/list",
          "schema_version": 0,
          "attributes": {
            "api_id": "4cnn2zwtqe",
            "api_key_required": false,
            "authorization_scopes": [],
            "authorization_type": "NONE",
            "authorizer_id": "",
            "id": "417tnkd",
            "model_selection_expression": "",
            "operation_name": "",
            "request_models": {},
            "request_parameter": [],
            "route_key": "POST /logs/list",
            "route_response_selection_expression": "",
            "target": "integrations/bcoxz3a"
          },
          "sensitive_attributes": [],
          "private": "bnVsbA==",
          "dependencies": [
            "aws_apigatewayv2_api.habify",
            "aws_apigatewayv2_integration.lambda",
            "aws_dynamodb_table.activities",
            "aws_dynamodb_table.highlights",
            "aws_dynamodb_table.logs",
            "aws_iam_role.lambda",
            "aws_lambda_function.api",
            "data.archive_file.lambda"
          ]
        },
        {
          "index_key": "/logs/update",
          "schema_version": 0,
          "attributes": {
            "api_id": "4cnn2zwtqe",
            "api_key_required": false,
            "authorization_scopes": [],
            "authorization_type": "NONE",
            "authorizer_id": "",
            "id": "ekk1ek0",
            "model_selection_expression": "",
            "operation_name": "",
            "request_models": {},
            "request_parameter": [],
            "route_key": "POST /logs/update",
            "route_response_selection_expression": "",
            "target": "integrations/bcoxz3a"
          },
          "sensitive_attributes": [],
          "private": "bnVsbA==",
          "dependencies": [
            "aws_apigatewayv2_api.habify",
            "aws_apigatewayv2_integration.lambda",
            "aws_dynamodb_table.activities",
            "aws_dynamodb_table.highlights",
            "aws_dynamodb_table.logs",
            "aws_iam_role.lambda",
            "aws_lambda_function.api",
            "data.archive_file.lambda"
          ]
        },
        {
          "index_key": "/stats/month",
          "schema_version": 0,
          "attributes": {
            "api_id": "4cnn2zwtqe",
            "api_key_required": false,
            "authorization_scopes": [],
            "authorization_type": "NONE",
            "authorizer_id": "",
            "id": "od4e1c3",
            "model_selection_expression": "",
            "operation_name": "",
            "request_models": {},
            "request_parameter": [],
            "route_key": "POST /stats/month",
            "route_response_selection_expression": "",
            "target": "integrations/bcoxz3a"
          },
          "sensitive_attributes": [],
          "private": "bnVsbA==",
          "dependencies": [
            "aws_apigatewayv2_api.habify",
            "aws_apigatewayv2_integration.lambda",
            "aws_dynamodb_table.activities",
            "aws_dynamodb_table.highlights",
            "aws_dynamodb_table.logs",
            "aws_iam_role.lambda",
            "aws_lambda_function.api",
            "data.archive_file.lambda"
          ]
        },
        {
          "index_key": "/stats/today",
          "schema_version": 0,
          "attributes": {
            "api_id": "4cnn2zwtqe",
            "api_key_required": false,
            "authorization_scopes": [],
            "authorization_type": "NONE",
            "authorizer_id": "",
            "id": "nwitl35",
            "model_selection_expression": "",
            "operation_name": "",
            "request_models": {},
            "request_parameter": [],
            "route_key": "POST /stats/today",
            "route_response_selection_expression": "",
            "target": "integrations/bcoxz3a"
          },
          "sensitive_attributes": [],
          "private": "bnVsbA==",
          "dependencies": [
            "aws_apigatewayv2_api.habify",
            "aws_apigatewayv2_integration.lambda",
            "aws_dynamodb_table.activities",
            "aws_dynamodb_table.highlights",
            "aws_dynamodb_table.logs",
            "aws_iam_role.lambda",
            "aws_lambda_function.api",
            "data.archive_file.lambda"
          ]
        },
        {
          "index_key": "/stats/week",
          "schema_version": 0,
          "attributes": {
            "api_id": "4cnn2zwtqe",
            "api_key_required": false,
            "authorization_scopes": [],
            "authorization_type": "NONE",
            "authorizer_id": "",
            "id": "gexo0os",
            "model_selection_expression": "",
            "operation_name": "",
            "request_models": {},
            "request_parameter": [],
            "route_key": "POST /stats/week",
            "route_response_selection_expression": "",
            "target": "integrations/bcoxz3a"
          },
          "sensitive_attributes": [],
          "private": "bnVsbA==",
          "dependencies": [
            "aws_apigatewayv2_api.habify",
            "aws_apigatewayv2_integration.lambda",
            "aws_dynamodb_table.activities",
            "aws_dynamodb_table.highlights",
            "aws_dynamodb_table.logs",
            "aws_iam_role.lambda",
            "aws_lambda_function.api",
            "data.archive_file.lambda"
          ]
        }
      ]
    },
    {
      "mode": "managed",
      "type": "aws_apigatewayv2_stage",
      "name": "prod",
      "provider": "provider[\"registry.terraform.io/hashicorp/aws\"]",
      "instances": [
        {
          "schema_version": 0,
          "attributes": {
            "access_log_settings": [
              {
                "destination_arn": "arn:aws:logs:eu-central-1:140023375269:log-group:/aws/apigateway/habify-dev",
                "format": "{\"integrationError\":\"$context.integrationErrorMessage\",\"requestId\":\"$context.requestId\",\"routeKey\":\"$context.routeKey\",\"status\":\"$context.status\"}"
              }
            ],
            "api_id": "4cnn2zwtqe",
            "arn": "arn:aws:apigateway:eu-central-1::/apis/4cnn2zwtqe/stages/dev",
            "auto_deploy": true,
            "client_certificate_id": "",
            "default_route_settings": [
              {
                "data_trace_enabled": false,
                "detailed_metrics_enabled": false,
                "logging_level": "",
                "throttling_burst_limit": 0,
                "throttling_rate_limit": 0
              }
            ],
            "deployment_id": "evz9bi",
            "description": "",
            "execution_arn": "arn:aws:execute-api:eu-central-1:140023375269:4cnn2zwtqe/dev",
            "id": "dev",
            "invoke_url": "https://4cnn2zwtqe.execute-api.eu-central-1.amazonaws.com/dev",
            "name": "dev",
            "route_settings": [],
            "stage_variables": {},
            "tags": {},
            "tags_all": {}
          },
          "sensitive_attributes": [],
          "private": "bnVsbA==",
          "dependencies": [
            "aws_apigatewayv2_api.habify",
            "aws_cloudwatch_log_group.api"
          ]
        }
      ]
    },
    {
      "mode": "managed",
      "type": "aws_cloudfront_distribution",
      "name": "frontend",
      "provider": "provider[\"registry.terraform.io/hashicorp/aws\"]",
      "instances": [
        {
          "schema_version": 1,
          "attributes": {
            "aliases": [
              "app.habify.leitnersoft.com",
              "habify.leitnersoft.com"
            ],
            "arn": "arn:aws:cloudfront::140023375269:distribution/EFTPSI92OL0WY",
            "caller_reference": "terraform-20251113154417537800000003",
            "comment": "Habify Frontend",
            "continuous_deployment_policy_id": "",
            "custom_error_response": [
              {
                "error_caching_min_ttl": 0,
                "error_code": 403,
                "response_code": 200,
                "response_page_path": "/index.html"
              },
              {
                "error_caching_min_ttl": 0,
                "error_code": 404,
                "response_code": 200,
                "response_page_path": "/index.html"
              }
            ],
            "default_cache_behavior": [
              {
                "allowed_methods": [
                  "GET",
                  "HEAD",
                  "OPTIONS"
                ],
                "cache_policy_id": "",
                "cached_methods": [
                  "GET",
                  "HEAD"
                ],
                "compress": false,
                "default_ttl": 0,
                "field_level_encryption_id": "",
                "forwarded_values": [
                  {
                    "cookies": [
                      {
                        "forward": "none",
                        "whitelisted_names": []
                      }
                    ],
                    "headers": [],
                    "query_string": false,
                    "query_string_cache_keys": []
                  }
                ],
                "function_association": [],
                "grpc_config": [
                  {
                    "enabled": false
                  }
                ],
                "lambda_function_association": [],
                "max_ttl": 0,
                "min_ttl": 0,
                "origin_request_policy_id": "",
                "realtime_log_config_arn": "",
                "response_headers_policy_id": "",
                "smooth_streaming": false,
                "target_origin_id": "s3-frontend",
                "trusted_key_groups": [],
                "trusted_signers": [],
                "viewer_protocol_policy": "redirect-to-https"
              }
            ],
            "default_root_object": "index.html",
            "domain_name": "d2ufe2249q2zrf.cloudfront.net",
            "enabled": true,
            "etag": "E3G2F2TUO4VCUT",
            "hosted_zone_id": "Z2FDTNDATAQYW2",
            "http_version": "http2",
            "id": "EFTPSI92OL0WY",
            "in_progress_validation_batches": 0,
            "is_ipv6_enabled": false,
            "last_modified_time": "2025-12-01 20:54:23.723 +0000 UTC",
            "logging_config": [],
            "ordered_cache_behavior": [],
            "origin": [
              {
                "connection_attempts": 3,
                "connection_timeout": 10,
                "custom_header": [],
                "custom_origin_config": [],
                "domain_name": "habify-dev-frontend.s3.eu-central-1.amazonaws.com",
                "origin_access_control_id": "E10QC1219RWR6L",
                "origin_id": "s3-frontend",
                "origin_path": "",
                "origin_shield": [],
                "s3_origin_config": [],
                "vpc_origin_config": []
              }
            ],
            "origin_group": [],
            "price_class": "PriceClass_100",
            "restrictions": [
              {
                "geo_restriction": [
                  {
                    "locations": [],
                    "restriction_type": "none"
                  }
                ]
              }
            ],
            "retain_on_delete": false,
            "staging": false,
            "status": "Deployed",
            "tags": {
              "Environment": "dev",
              "Project": "habify"
            },
            "tags_all": {
              "Environment": "dev",
              "Project": "habify"
            },
            "trusted_key_groups": [
              {
                "enabled": false,
                "items": []
              }
            ],
            "trusted_signers": [
              {
                "enabled": false,
                "items": []
              }
            ],
            "viewer_certificate": [
              {
                "acm_certificate_arn": "arn:aws:acm:us-east-1:140023375269:certificate/ced56f13-0354-46fb-addf-868f33faa9ee",
                "cloudfront_default_certificate": false,
                "iam_certificate_id": "",
                "minimum_protocol_version": "TLSv1.2_2021",
                "ssl_support_method": "sni-only"
              }
            ],
            "wait_for_deployment": true,
            "web_acl_id": ""
          },
          "sensitive_attributes": [],
          "private": "eyJzY2hlbWFfdmVyc2lvbiI6IjEifQ==",
          "dependencies": [
            "aws_acm_certificate.app",
            "aws_acm_certificate_validation.app",
            "aws_cloudfront_origin_access_control.frontend",
            "aws_route53_record.certificate_validation",
            "aws_s3_bucket.frontend",
            "data.aws_route53_zone.root"
          ]
        }
      ]
    },
    {
      "mode": "managed",
      "type": "aws_cloudfront_origin_access_control",
      "name": "frontend",
      "provider": "provider[\"registry.terraform.io/hashicorp/aws\"]",
      "instances": [
        {
          "schema_version": 0,
          "attributes": {
            "arn": "arn:aws:cloudfront::140023375269:origin-access-control/E10QC1219RWR6L",
            "description": "Managed by Terraform",
            "etag": "ETVPDKIKX0DER",
            "id": "E10QC1219RWR6L",
            "name": "habify-dev-oac",
            "origin_access_control_origin_type": "s3",
            "signing_behavior": "always",
            "signing_protocol": "sigv4"
          },
          "sensitive_attributes": [],
          "private": "eyJzY2hlbWFfdmVyc2lvbiI6IjAifQ=="
        }
      ]
    },
    {
      "mode": "managed",
      "type": "aws_cloudwatch_log_group",
      "name": "api",
      "provider": "provider[\"registry.terraform.io/hashicorp/aws\"]",
      "instances": [
        {
          "schema_version": 0,
          "attributes": {
            "arn": "arn:aws:logs:eu-central-1:140023375269:log-group:/aws/apigateway/habify-dev",
            "id": "/aws/apigateway/habify-dev",
            "kms_key_id": "",
            "log_group_class": "STANDARD",
            "name": "/aws/apigateway/habify-dev",
            "name_prefix": "",
            "retention_in_days": 14,
            "skip_destroy": false,
            "tags": {},
            "tags_all": {}
          },
          "sensitive_attributes": [],
          "private": "eyJzY2hlbWFfdmVyc2lvbiI6IjAifQ=="
        }
      ]
    },
    {
      "mode": "managed",
      "type": "aws_cognito_user_pool",
      "name": "habify",
      "provider": "provider[\"registry.terraform.io/hashicorp/aws\"]",
      "instances": [
        {
          "schema_version": 0,
          "attributes": {
            "account_recovery_setting": [
              {
                "recovery_mechanism": [
                  {
                    "name": "verified_email",
                    "priority": 1
                  },
                  {
                    "name": "verified_phone_number",
                    "priority": 2
                  }
                ]
              }
            ],
            "admin_create_user_config": [
              {
                "allow_admin_create_user_only": false,
                "invite_message_template": []
              }
            ],
            "alias_attributes": null,
            "arn": "arn:aws:cognito-idp:eu-central-1:140023375269:userpool/eu-central-1_CyT2Njhv2",
            "auto_verified_attributes": [
              "email"
            ],
            "creation_date": "2025-12-01T14:47:08Z",
            "custom_domain": "",
            "deletion_protection": "INACTIVE",
            "device_configuration": [],
            "domain": "habify-dev",
            "email_configuration": [
              {
                "configuration_set": "",
                "email_sending_account": "COGNITO_DEFAULT",
                "from_email_address": "",
                "reply_to_email_address": "",
                "source_arn": ""
              }
            ],
            "email_mfa_configuration": [],
            "email_verification_message": "",
            "email_verification_subject": "",
            "endpoint": "cognito-idp.eu-central-1.amazonaws.com/eu-central-1_CyT2Njhv2",
            "estimated_number_of_users": 1,
            "id": "eu-central-1_CyT2Njhv2",
            "lambda_config": [],
            "last_modified_date": "2025-12-01T14:47:08Z",
            "mfa_configuration": "OFF",
            "name": "habify-dev-users",
            "password_policy": [
              {
                "minimum_length": 8,
                "password_history_size": 0,
                "require_lowercase": true,
                "require_numbers": true,
                "require_symbols": false,
                "require_uppercase": false,
                "temporary_password_validity_days": 7
              }
            ],
            "schema": [
              {
                "attribute_data_type": "String",
                "developer_only_attribute": false,
                "mutable": true,
                "name": "email",
                "number_attribute_constraints": [],
                "required": true,
                "string_attribute_constraints": []
              }
            ],
            "sign_in_policy": [
              {
                "allowed_first_auth_factors": [
                  "PASSWORD"
                ]
              }
            ],
            "sms_authentication_message": "",
            "sms_configuration": [],
            "sms_verification_message": "",
            "software_token_mfa_configuration": [],
            "tags": {
              "Environment": "dev",
              "Project": "habify"
            },
            "tags_all": {
              "Environment": "dev",
              "Project": "habify"
            },
            "user_attribute_update_settings": [],
            "user_pool_add_ons": [],
            "user_pool_tier": "ESSENTIALS",
            "username_attributes": [],
            "username_configuration": [],
            "verification_message_template": [
              {
                "default_email_option": "CONFIRM_WITH_CODE",
                "email_message": "",
                "email_message_by_link": "",
                "email_subject": "",
                "email_subject_by_link": "",
                "sms_message": ""
              }
            ],
            "web_authn_configuration": []
          },
          "sensitive_attributes": [],
          "private": "bnVsbA=="
        }
      ]
    },
    {
      "mode": "managed",
      "type": "aws_cognito_user_pool_client",
      "name": "habify",
      "provider": "provider[\"registry.terraform.io/hashicorp/aws\"]",
      "instances": [
        {
          "schema_version": 0,
          "attributes": {
            "access_token_validity": 0,
            "allowed_oauth_flows": [
              "code"
            ],
            "allowed_oauth_flows_user_pool_client": true,
            "allowed_oauth_scopes": [
              "email",
              "openid",
              "profile"
            ],
            "analytics_configuration": [],
            "auth_session_validity": 3,
            "callback_urls": [
              "http://127.0.0.1:5173/login",
              "http://localhost:4173/login",
              "http://localhost:5173/login",
              "https://app.habify.leitnersoft.com/login",
              "https://habify.leitnersoft.com/login"
            ],
            "client_secret": "",
            "default_redirect_uri": "",
            "enable_propagate_additional_user_context_data": false,
            "enable_token_revocation": true,
            "explicit_auth_flows": [
              "ALLOW_REFRESH_TOKEN_AUTH",
              "ALLOW_USER_SRP_AUTH"
            ],
            "generate_secret": null,
            "id": "1na2a6kp8iuudhllioe7pk5n98",
            "id_token_validity": 0,
            "logout_urls": [
              "http://127.0.0.1:5173/login",
              "http://localhost:4173/login",
              "http://localhost:5173/login",
              "https://app.habify.leitnersoft.com/login",
              "https://habify.leitnersoft.com/login"
            ],
            "name": "habify-dev-spa",
            "prevent_user_existence_errors": "",
            "read_attributes": [],
            "refresh_token_rotation": [],
            "refresh_token_validity": 30,
            "supported_identity_providers": [
              "COGNITO"
            ],
            "token_validity_units": [],
            "user_pool_id": "eu-central-1_CyT2Njhv2",
            "write_attributes": []
          },
          "sensitive_attributes": [
            [
              {
                "type": "get_attr",
                "value": "client_secret"
              }
            ]
          ],
          "dependencies": [
            "aws_cognito_user_pool.habify"
          ]
        }
      ]
    },
    {
      "mode": "managed",
      "type": "aws_cognito_user_pool_domain",
      "name": "habify",
      "provider": "provider[\"registry.terraform.io/hashicorp/aws\"]",
      "instances": [
        {
          "schema_version": 0,
          "attributes": {
            "aws_account_id": "140023375269",
            "certificate_arn": "",
            "cloudfront_distribution": "d5cxcejge1ybj.cloudfront.net",
            "cloudfront_distribution_arn": "d5cxcejge1ybj.cloudfront.net",
            "cloudfront_distribution_zone_id": "Z2FDTNDATAQYW2",
            "domain": "habify-dev",
            "id": "habify-dev",
            "managed_login_version": 1,
            "s3_bucket": "aws-cognito-prod-fra-assets",
            "user_pool_id": "eu-central-1_CyT2Njhv2",
            "version": "20251201205421"
          },
          "sensitive_attributes": [],
          "private": "bnVsbA==",
          "dependencies": [
            "aws_cognito_user_pool.habify"
          ]
        }
      ]
    },
    {
      "mode": "managed",
      "type": "aws_dynamodb_table",
      "name": "activities",
      "provider": "provider[\"registry.terraform.io/hashicorp/aws\"]",
      "instances": [
        {
          "schema_version": 1,
          "attributes": {
            "arn": "arn:aws:dynamodb:eu-central-1:140023375269:table/habify-dev-activities",
            "attribute": [
              {
                "name": "id",
                "type": "S"
              }
            ],
            "billing_mode": "PAY_PER_REQUEST",
            "deletion_protection_enabled": false,
            "global_secondary_index": [],
            "hash_key": "id",
            "id": "habify-dev-activities",
            "import_table": [],
            "local_secondary_index": [],
            "name": "habify-dev-activities",
            "on_demand_throughput": [],
            "point_in_time_recovery": [
              {
                "enabled": false,
                "recovery_period_in_days": 0
              }
            ],
            "range_key": null,
            "read_capacity": 0,
            "replica": [],
            "restore_date_time": null,
            "restore_source_name": null,
            "restore_source_table_arn": null,
            "restore_to_latest_time": null,
            "server_side_encryption": [],
            "stream_arn": "",
            "stream_enabled": false,
            "stream_label": "",
            "stream_view_type": "",
            "table_class": "STANDARD",
            "tags": {
              "Environment": "dev",
              "Project": "habify"
            },
            "tags_all": {
              "Environment": "dev",
              "Project": "habify"
            },
            "timeouts": null,
            "ttl": [
              {
                "attribute_name": "",
                "enabled": false
              }
            ],
            "write_capacity": 0
          },
          "sensitive_attributes": [],
          "private": "eyJlMmJmYjczMC1lY2FhLTExZTYtOGY4OC0zNDM2M2JjN2M0YzAiOnsiY3JlYXRlIjoxODAwMDAwMDAwMDAwLCJkZWxldGUiOjYwMDAwMDAwMDAwMCwidXBkYXRlIjozNjAwMDAwMDAwMDAwfSwic2NoZW1hX3ZlcnNpb24iOiIxIn0="
        }
      ]
    },
    {
      "mode": "managed",
      "type": "aws_dynamodb_table",
      "name": "highlights",
      "provider": "provider[\"registry.terraform.io/hashicorp/aws\"]",
      "instances": [
        {
          "schema_version": 1,
          "attributes": {
            "arn": "arn:aws:dynamodb:eu-central-1:140023375269:table/habify-dev-highlights",
            "attribute": [
              {
                "name": "id",
                "type": "S"
              }
            ],
            "billing_mode": "PAY_PER_REQUEST",
            "deletion_protection_enabled": false,
            "global_secondary_index": [],
            "hash_key": "id",
            "id": "habify-dev-highlights",
            "import_table": [],
            "local_secondary_index": [],
            "name": "habify-dev-highlights",
            "on_demand_throughput": [],
            "point_in_time_recovery": [
              {
                "enabled": false,
                "recovery_period_in_days": 0
              }
            ],
            "range_key": null,
            "read_capacity": 0,
            "replica": [],
            "restore_date_time": null,
            "restore_source_name": null,
            "restore_source_table_arn": null,
            "restore_to_latest_time": null,
            "server_side_encryption": [],
            "stream_arn": "",
            "stream_enabled": false,
            "stream_label": "",
            "stream_view_type": "",
            "table_class": "STANDARD",
            "tags": {
              "Environment": "dev",
              "Project": "habify"
            },
            "tags_all": {
              "Environment": "dev",
              "Project": "habify"
            },
            "timeouts": null,
            "ttl": [
              {
                "attribute_name": "",
                "enabled": false
              }
            ],
            "write_capacity": 0
          },
          "sensitive_attributes": [],
          "private": "eyJlMmJmYjczMC1lY2FhLTExZTYtOGY4OC0zNDM2M2JjN2M0YzAiOnsiY3JlYXRlIjoxODAwMDAwMDAwMDAwLCJkZWxldGUiOjYwMDAwMDAwMDAwMCwidXBkYXRlIjozNjAwMDAwMDAwMDAwfSwic2NoZW1hX3ZlcnNpb24iOiIxIn0="
        }
      ]
    },
    {
      "mode": "managed",
      "type": "aws_dynamodb_table",
      "name": "logs",
      "provider": "provider[\"registry.terraform.io/hashicorp/aws\"]",
      "instances": [
        {
          "schema_version": 1,
          "attributes": {
            "arn": "arn:aws:dynamodb:eu-central-1:140023375269:table/habify-dev-logs",
            "attribute": [
              {
                "name": "activityId",
                "type": "S"
              },
              {
                "name": "id",
                "type": "S"
              },
              {
                "name": "timestamp",
                "type": "S"
              }
            ],
            "billing_mode": "PAY_PER_REQUEST",
            "deletion_protection_enabled": false,
            "global_secondary_index": [
              {
                "hash_key": "activityId",
                "name": "activityId-index",
                "non_key_attributes": [],
                "on_demand_throughput": [],
                "projection_type": "ALL",
                "range_key": "",
                "read_capacity": 0,
                "write_capacity": 0
              }
            ],
            "hash_key": "id",
            "id": "habify-dev-logs",
            "import_table": [],
            "local_secondary_index": [],
            "name": "habify-dev-logs",
            "on_demand_throughput": [],
            "point_in_time_recovery": [
              {
                "enabled": false,
                "recovery_period_in_days": 0
              }
            ],
            "range_key": "timestamp",
            "read_capacity": 0,
            "replica": [],
            "restore_date_time": null,
            "restore_source_name": null,
            "restore_source_table_arn": null,
            "restore_to_latest_time": null,
            "server_side_encryption": [],
            "stream_arn": "",
            "stream_enabled": false,
            "stream_label": "",
            "stream_view_type": "",
            "table_class": "STANDARD",
            "tags": {
              "Environment": "dev",
              "Project": "habify"
            },
            "tags_all": {
              "Environment": "dev",
              "Project": "habify"
            },
            "timeouts": null,
            "ttl": [
              {
                "attribute_name": "",
                "enabled": false
              }
            ],
            "write_capacity": 0
          },
          "sensitive_attributes": [],
          "private": "eyJlMmJmYjczMC1lY2FhLTExZTYtOGY4OC0zNDM2M2JjN2M0YzAiOnsiY3JlYXRlIjoxODAwMDAwMDAwMDAwLCJkZWxldGUiOjYwMDAwMDAwMDAwMCwidXBkYXRlIjozNjAwMDAwMDAwMDAwfSwic2NoZW1hX3ZlcnNpb24iOiIxIn0="
        }
      ]
    },
    {
      "mode": "managed",
      "type": "aws_iam_role",
      "name": "lambda",
      "provider": "provider[\"registry.terraform.io/hashicorp/aws\"]",
      "instances": [
        {
          "schema_version": 0,
          "attributes": {
            "arn": "arn:aws:iam::140023375269:role/habify-dev-lambda-role",
            "assume_role_policy": "{\"Statement\":[{\"Action\":\"sts:AssumeRole\",\"Effect\":\"Allow\",\"Principal\":{\"Service\":\"lambda.amazonaws.com\"}}],\"Version\":\"2012-10-17\"}",
            "create_date": "2025-11-13T15:43:39Z",
            "description": "",
            "force_detach_policies": false,
            "id": "habify-dev-lambda-role",
            "inline_policy": [
              {
                "name": "terraform-20251113154402594300000002",
                "policy": "{\"Version\":\"2012-10-17\",\"Statement\":[{\"Action\":[\"dynamodb:GetItem\",\"dynamodb:PutItem\",\"dynamodb:UpdateItem\",\"dynamodb:DeleteItem\",\"dynamodb:Query\",\"dynamodb:Scan\"],\"Effect\":\"Allow\",\"Resource\":[\"arn:aws:dynamodb:eu-central-1:140023375269:table/habify-dev-activities\",\"arn:aws:dynamodb:eu-central-1:140023375269:table/habify-dev-logs\",\"arn:aws:dynamodb:eu-central-1:140023375269:table/habify-dev-logs/index/activityId-index\",\"arn:aws:dynamodb:eu-central-1:140023375269:table/habify-dev-highlights\"]}]}"
              },
              {
                "name": "terraform-20251201203945510800000001",
                "policy": "{\"Version\":\"2012-10-17\",\"Statement\":[{\"Action\":[\"dynamodb:GetItem\",\"dynamodb:PutItem\",\"dynamodb:UpdateItem\",\"dynamodb:DeleteItem\",\"dynamodb:Query\",\"dynamodb:Scan\"],\"Effect\":\"Allow\",\"Resource\":[\"arn:aws:dynamodb:eu-central-1:140023375269:table/habify-dev-activities\",\"arn:aws:dynamodb:eu-central-1:140023375269:table/habify-dev-logs\",\"arn:aws:dynamodb:eu-central-1:140023375269:table/habify-dev-logs/index/activityId-index\",\"arn:aws:dynamodb:eu-central-1:140023375269:table/habify-dev-highlights\"]}]}"
              }
            ],
            "managed_policy_arns": [
              "arn:aws:iam::aws:policy/service-role/AWSLambdaBasicExecutionRole"
            ],
            "max_session_duration": 3600,
            "name": "habify-dev-lambda-role",
            "name_prefix": "",
            "path": "/",
            "permissions_boundary": "",
            "tags": {},
            "tags_all": {},
            "unique_id": "AROASBGQLEWS5DHQGRLGR"
          },
          "sensitive_attributes": [],
          "private": "eyJzY2hlbWFfdmVyc2lvbiI6IjAifQ=="
        }
      ]
    },
    {
      "mode": "managed",
      "type": "aws_iam_role_policy",
      "name": "lambda_dynamo",
      "provider": "provider[\"registry.terraform.io/hashicorp/aws\"]",
      "instances": [
        {
          "schema_version": 0,
          "attributes": {
            "id": "habify-dev-lambda-role:terraform-20251201203945510800000001",
            "name": "terraform-20251201203945510800000001",
            "name_prefix": "terraform-",
            "policy": "{\"Version\":\"2012-10-17\",\"Statement\":[{\"Action\":[\"dynamodb:GetItem\",\"dynamodb:PutItem\",\"dynamodb:UpdateItem\",\"dynamodb:DeleteItem\",\"dynamodb:Query\",\"dynamodb:Scan\"],\"Effect\":\"Allow\",\"Resource\":[\"arn:aws:dynamodb:eu-central-1:140023375269:table/habify-dev-activities\",\"arn:aws:dynamodb:eu-central-1:140023375269:table/habify-dev-logs\",\"arn:aws:dynamodb:eu-central-1:140023375269:table/habify-dev-logs/index/activityId-index\",\"arn:aws:dynamodb:eu-central-1:140023375269:table/habify-dev-highlights\"]}]}",
            "role": "habify-dev-lambda-role"
          },
          "sensitive_attributes": [],
          "private": "bnVsbA==",
          "dependencies": [
            "aws_dynamodb_table.activities",
            "aws_dynamodb_table.highlights",
            "aws_dynamodb_table.logs",
            "aws_iam_role.lambda"
          ]
        }
      ]
    },
    {
      "mode": "managed",
      "type": "aws_iam_role_policy_attachment",
      "name": "lambda_basic",
      "provider": "provider[\"registry.terraform.io/hashicorp/aws\"]",
      "instances": [
        {
          "schema_version": 0,
          "attributes": {
            "id": "habify-dev-lambda-role-20251201203946144300000002",
            "policy_arn": "arn:aws:iam::aws:policy/service-role/AWSLambdaBasicExecutionRole",
            "role": "habify-dev-lambda-role"
          },
          "sensitive_attributes": [],
          "private": "bnVsbA==",
          "dependencies": [
            "aws_iam_role.lambda"
          ]
        }
      ]
    },
    {
      "mode": "managed",
      "type": "aws_lambda_function",
      "name": "api",
      "provider": "provider[\"registry.terraform.io/hashicorp/aws\"]",
      "instances": [
        {
          "schema_version": 0,
          "attributes": {
            "architectures": [
              "x86_64"
            ],
            "arn": "arn:aws:lambda:eu-central-1:140023375269:function:habify-dev-api",
            "code_sha256": "kTSdWgl60eQyiolFkGVZPua4J8t8Txy49QWUUik6o8I=",
            "code_signing_config_arn": "",
            "dead_letter_config": [],
            "description": "",
            "environment": [
              {
                "variables": {
                  "ACTIVITIES_TABLE": "habify-dev-activities",
                  "HIGHLIGHTS_TABLE": "habify-dev-highlights",
                  "LOGS_TABLE": "habify-dev-logs"
                }
              }
            ],
            "ephemeral_storage": [
              {
                "size": 512
              }
            ],
            "file_system_config": [],
            "filename": "./.terraform-artifacts/lambda.zip",
            "function_name": "habify-dev-api",
            "handler": "index.handler",
            "id": "habify-dev-api",
            "image_config": [],
            "image_uri": "",
            "invoke_arn": "arn:aws:apigateway:eu-central-1:lambda:path/2015-03-31/functions/arn:aws:lambda:eu-central-1:140023375269:function:habify-dev-api/invocations",
            "kms_key_arn": "",
            "last_modified": "2025-12-13T21:40:17.000+0000",
            "layers": [],
            "logging_config": [
              {
                "application_log_level": "",
                "log_format": "Text",
                "log_group": "/aws/lambda/habify-dev-api",
                "system_log_level": ""
              }
            ],
            "memory_size": 128,
            "package_type": "Zip",
            "publish": false,
            "qualified_arn": "arn:aws:lambda:eu-central-1:140023375269:function:habify-dev-api:$LATEST",
            "qualified_invoke_arn": "arn:aws:apigateway:eu-central-1:lambda:path/2015-03-31/functions/arn:aws:lambda:eu-central-1:140023375269:function:habify-dev-api:$LATEST/invocations",
            "replace_security_groups_on_destroy": null,
            "replacement_security_group_ids": null,
            "reserved_concurrent_executions": -1,
            "role": "arn:aws:iam::140023375269:role/habify-dev-lambda-role",
            "runtime": "nodejs20.x",
            "s3_bucket": null,
            "s3_key": null,
            "s3_object_version": null,
            "signing_job_arn": "",
            "signing_profile_version_arn": "",
            "skip_destroy": false,
            "snap_start": [],
            "source_code_hash": "kTSdWgl60eQyiolFkGVZPua4J8t8Txy49QWUUik6o8I=",
            "source_code_size": 4860,
            "tags": {},
            "tags_all": {},
            "timeout": 3,
            "timeouts": null,
            "tracing_config": [
              {
                "mode": "PassThrough"
              }
            ],
            "version": "$LATEST",
            "vpc_config": []
          },
          "sensitive_attributes": [],
          "private": "eyJlMmJmYjczMC1lY2FhLTExZTYtOGY4OC0zNDM2M2JjN2M0YzAiOnsiY3JlYXRlIjo2MDAwMDAwMDAwMDAsImRlbGV0ZSI6NjAwMDAwMDAwMDAwLCJ1cGRhdGUiOjYwMDAwMDAwMDAwMH19",
          "dependencies": [
            "aws_dynamodb_table.activities",
            "aws_dynamodb_table.highlights",
            "aws_dynamodb_table.logs",
            "aws_iam_role.lambda",
            "data.archive_file.lambda"
          ]
        }
      ]
    },
    {
      "mode": "managed",
      "type": "aws_lambda_permission",
      "name": "api_invoke",
      "provider": "provider[\"registry.terraform.io/hashicorp/aws\"]",
      "instances": [
        {
          "schema_version": 0,
          "attributes": {
            "action": "lambda:InvokeFunction",
            "event_source_token": null,
            "function_name": "habify-dev-api",
            "function_url_auth_type": null,
            "id": "AllowAPIGatewayInvoke",
            "principal": "apigateway.amazonaws.com",
            "principal_org_id": null,
            "qualifier": "",
            "source_account": null,
            "source_arn": "arn:aws:execute-api:eu-central-1:140023375269:4cnn2zwtqe/*/*",
            "statement_id": "AllowAPIGatewayInvoke",
            "statement_id_prefix": ""
          },
          "sensitive_attributes": [],
          "private": "bnVsbA==",
          "dependencies": [
            "aws_apigatewayv2_api.habify",
            "aws_dynamodb_table.activities",
            "aws_dynamodb_table.highlights",
            "aws_dynamodb_table.logs",
            "aws_iam_role.lambda",
            "aws_lambda_function.api",
            "data.archive_file.lambda"
          ]
        }
      ]
    },
    {
      "mode": "managed",
      "type": "aws_route53_record",
      "name": "certificate_validation",
      "provider": "provider[\"registry.terraform.io/hashicorp/aws\"]",
      "instances": [
        {
          "index_key": "app.habify.leitnersoft.com",
          "schema_version": 2,
          "attributes": {
            "alias": [],
            "allow_overwrite": null,
            "cidr_routing_policy": [],
            "failover_routing_policy": [],
            "fqdn": "_37a8dd8fc63ceacd57d2533dfa34214a.app.habify.leitnersoft.com",
            "geolocation_routing_policy": [],
            "geoproximity_routing_policy": [],
            "health_check_id": "",
            "id": "Z09645642QWJY8XEPXSNJ__37a8dd8fc63ceacd57d2533dfa34214a.app.habify.leitnersoft.com._CNAME",
            "latency_routing_policy": [],
            "multivalue_answer_routing_policy": false,
            "name": "_37a8dd8fc63ceacd57d2533dfa34214a.app.habify.leitnersoft.com",
            "records": [
              "_f8f76a11637e39efa882d11365b3ca94.jkddzztszm.acm-validations.aws."
            ],
            "set_identifier": "",
            "timeouts": null,
            "ttl": 60,
            "type": "CNAME",
            "weighted_routing_policy": [],
            "zone_id": "Z09645642QWJY8XEPXSNJ"
          },
          "sensitive_attributes": [],
          "private": "eyJlMmJmYjczMC1lY2FhLTExZTYtOGY4OC0zNDM2M2JjN2M0YzAiOnsiY3JlYXRlIjoxODAwMDAwMDAwMDAwLCJkZWxldGUiOjE4MDAwMDAwMDAwMDAsInVwZGF0ZSI6MTgwMDAwMDAwMDAwMH0sInNjaGVtYV92ZXJzaW9uIjoiMiJ9",
          "dependencies": [
            "aws_acm_certificate.app",
            "data.aws_route53_zone.root"
          ]
        },
        {
          "index_key": "habify.leitnersoft.com",
          "schema_version": 2,
          "attributes": {
            "alias": [],
            "allow_overwrite": null,
            "cidr_routing_policy": [],
            "failover_routing_policy": [],
            "fqdn": "_486b135924a7b78452d2301ad8dbad1d.habify.leitnersoft.com",
            "geolocation_routing_policy": [],
            "geoproximity_routing_policy": [],
            "health_check_id": "",
            "id": "Z09645642QWJY8XEPXSNJ__486b135924a7b78452d2301ad8dbad1d.habify.leitnersoft.com._CNAME",
            "latency_routing_policy": [],
            "multivalue_answer_routing_policy": false,
            "name": "_486b135924a7b78452d2301ad8dbad1d.habify.leitnersoft.com",
            "records": [
              "_21230e97909e77ac84d734d10ca18b54.jkddzztszm.acm-validations.aws."
            ],
            "set_identifier": "",
            "timeouts": null,
            "ttl": 60,
            "type": "CNAME",
            "weighted_routing_policy": [],
            "zone_id": "Z09645642QWJY8XEPXSNJ"
          },
          "sensitive_attributes": [],
          "private": "eyJlMmJmYjczMC1lY2FhLTExZTYtOGY4OC0zNDM2M2JjN2M0YzAiOnsiY3JlYXRlIjoxODAwMDAwMDAwMDAwLCJkZWxldGUiOjE4MDAwMDAwMDAwMDAsInVwZGF0ZSI6MTgwMDAwMDAwMDAwMH0sInNjaGVtYV92ZXJzaW9uIjoiMiJ9",
          "dependencies": [
            "aws_acm_certificate.app",
            "data.aws_route53_zone.root"
          ]
        }
      ]
    },
    {
      "mode": "managed",
      "type": "aws_route53_record",
      "name": "frontend",
      "provider": "provider[\"registry.terraform.io/hashicorp/aws\"]",
      "instances": [
        {
          "schema_version": 2,
          "attributes": {
            "alias": [
              {
                "evaluate_target_health": false,
                "name": "d2ufe2249q2zrf.cloudfront.net",
                "zone_id": "Z2FDTNDATAQYW2"
              }
            ],
            "allow_overwrite": null,
            "cidr_routing_policy": [],
            "failover_routing_policy": [],
            "fqdn": "habify.leitnersoft.com",
            "geolocation_routing_policy": [],
            "geoproximity_routing_policy": [],
            "health_check_id": "",
            "id": "Z09645642QWJY8XEPXSNJ_habify.leitnersoft.com._A",
            "latency_routing_policy": [],
            "multivalue_answer_routing_policy": false,
            "name": "habify.leitnersoft.com",
            "records": [],
            "set_identifier": "",
            "timeouts": null,
            "ttl": 0,
            "type": "A",
            "weighted_routing_policy": [],
            "zone_id": "Z09645642QWJY8XEPXSNJ"
          },
          "sensitive_attributes": [],
          "private": "eyJlMmJmYjczMC1lY2FhLTExZTYtOGY4OC0zNDM2M2JjN2M0YzAiOnsiY3JlYXRlIjoxODAwMDAwMDAwMDAwLCJkZWxldGUiOjE4MDAwMDAwMDAwMDAsInVwZGF0ZSI6MTgwMDAwMDAwMDAwMH0sInNjaGVtYV92ZXJzaW9uIjoiMiJ9",
          "dependencies": [
            "aws_acm_certificate.app",
            "aws_acm_certificate_validation.app",
            "aws_cloudfront_distribution.frontend",
            "aws_cloudfront_origin_access_control.frontend",
            "aws_route53_record.certificate_validation",
            "aws_s3_bucket.frontend",
            "data.aws_route53_zone.root"
          ]
        }
      ]
    },
    {
      "mode": "managed",
      "type": "aws_route53_record",
      "name": "pwa_frontend",
      "provider": "provider[\"registry.terraform.io/hashicorp/aws\"]",
      "instances": [
        {
          "schema_version": 2,
          "attributes": {
            "alias": [
              {
                "evaluate_target_health": false,
                "name": "d2ufe2249q2zrf.cloudfront.net",
                "zone_id": "Z2FDTNDATAQYW2"
              }
            ],
            "allow_overwrite": null,
            "cidr_routing_policy": [],
            "failover_routing_policy": [],
            "fqdn": "app.habify.leitnersoft.com",
            "geolocation_routing_policy": [],
            "geoproximity_routing_policy": [],
            "health_check_id": "",
            "id": "Z09645642QWJY8XEPXSNJ_app.habify.leitnersoft.com._A",
            "latency_routing_policy": [],
            "multivalue_answer_routing_policy": false,
            "name": "app.habify.leitnersoft.com",
            "records": [],
            "set_identifier": "",
            "timeouts": null,
            "ttl": 0,
            "type": "A",
            "weighted_routing_policy": [],
            "zone_id": "Z09645642QWJY8XEPXSNJ"
          },
          "sensitive_attributes": [],
          "private": "eyJlMmJmYjczMC1lY2FhLTExZTYtOGY4OC0zNDM2M2JjN2M0YzAiOnsiY3JlYXRlIjoxODAwMDAwMDAwMDAwLCJkZWxldGUiOjE4MDAwMDAwMDAwMDAsInVwZGF0ZSI6MTgwMDAwMDAwMDAwMH0sInNjaGVtYV92ZXJzaW9uIjoiMiJ9",
          "dependencies": [
            "aws_acm_certificate.app",
            "aws_acm_certificate_validation.app",
            "aws_cloudfront_distribution.frontend",
            "aws_cloudfront_origin_access_control.frontend",
            "aws_route53_record.certificate_validation",
            "aws_s3_bucket.frontend",
            "data.aws_route53_zone.root"
          ]
        }
      ]
    },
    {
      "mode": "managed",
      "type": "aws_s3_bucket",
      "name": "frontend",
      "provider": "provider[\"registry.terraform.io/hashicorp/aws\"]",
      "instances": [
        {
          "schema_version": 0,
          "attributes": {
            "acceleration_status": "",
            "acl": null,
            "arn": "arn:aws:s3:::habify-dev-frontend",
            "bucket": "habify-dev-frontend",
            "bucket_domain_name": "habify-dev-frontend.s3.amazonaws.com",
            "bucket_prefix": "",
            "bucket_regional_domain_name": "habify-dev-frontend.s3.eu-central-1.amazonaws.com",
            "cors_rule": [],
            "force_destroy": true,
            "grant": [
              {
                "id": "9df934e8ae7a21a5cb95346002f627cb8fc485294c755607b64057fa3d0134ac",
                "permissions": [
                  "FULL_CONTROL"
                ],
                "type": "CanonicalUser",
                "uri": ""
              }
            ],
            "hosted_zone_id": "Z21DNDUVLTQW6Q",
            "id": "habify-dev-frontend",
            "lifecycle_rule": [],
            "logging": [],
            "object_lock_configuration": [],
            "object_lock_enabled": false,
            "policy": "{\"Statement\":[{\"Action\":\"s3:GetObject\",\"Condition\":{\"StringEquals\":{\"AWS:SourceArn\":\"arn:aws:cloudfront::140023375269:distribution/EFTPSI92OL0WY\"}},\"Effect\":\"Allow\",\"Principal\":{\"Service\":\"cloudfront.amazonaws.com\"},\"Resource\":\"arn:aws:s3:::habify-dev-frontend/*\",\"Sid\":\"AllowCloudFrontOAC\"}],\"Version\":\"2012-10-17\"}",
            "region": "eu-central-1",
            "replication_configuration": [],
            "request_payer": "BucketOwner",
            "server_side_encryption_configuration": [
              {
                "rule": [
                  {
                    "apply_server_side_encryption_by_default": [
                      {
                        "kms_master_key_id": "",
                        "sse_algorithm": "AES256"
                      }
                    ],
                    "bucket_key_enabled": false
                  }
                ]
              }
            ],
            "tags": {
              "Environment": "dev",
              "Project": "habify"
            },
            "tags_all": {
              "Environment": "dev",
              "Project": "habify"
            },
            "timeouts": null,
            "versioning": [
              {
                "enabled": false,
                "mfa_delete": false
              }
            ],
            "website": [],
            "website_domain": null,
            "website_endpoint": null
          },
          "sensitive_attributes": [],
          "private": "eyJlMmJmYjczMC1lY2FhLTExZTYtOGY4OC0zNDM2M2JjN2M0YzAiOnsiY3JlYXRlIjoxMjAwMDAwMDAwMDAwLCJkZWxldGUiOjM2MDAwMDAwMDAwMDAsInJlYWQiOjEyMDAwMDAwMDAwMDAsInVwZGF0ZSI6MTIwMDAwMDAwMDAwMH19"
        }
      ]
    },
    {
      "mode": "managed",
      "type": "aws_s3_bucket_policy",
      "name": "frontend",
      "provider": "provider[\"registry.terraform.io/hashicorp/aws\"]",
      "instances": [
        {
          "schema_version": 0,
          "attributes": {
            "bucket": "habify-dev-frontend",
            "id": "habify-dev-frontend",
            "policy": "{\"Statement\":[{\"Action\":\"s3:GetObject\",\"Condition\":{\"StringEquals\":{\"AWS:SourceArn\":\"arn:aws:cloudfront::140023375269:distribution/EFTPSI92OL0WY\"}},\"Effect\":\"Allow\",\"Principal\":{\"Service\":\"cloudfront.amazonaws.com\"},\"Resource\":\"arn:aws:s3:::habify-dev-frontend/*\",\"Sid\":\"AllowCloudFrontOAC\"}],\"Version\":\"2012-10-17\"}"
          },
          "sensitive_attributes": [],
          "private": "eyJzY2hlbWFfdmVyc2lvbiI6IjAifQ==",
          "dependencies": [
            "aws_acm_certificate.app",
            "aws_acm_certificate_validation.app",
            "aws_cloudfront_distribution.frontend",
            "aws_cloudfront_origin_access_control.frontend",
            "aws_route53_record.certificate_validation",
            "aws_s3_bucket.frontend",
            "data.aws_route53_zone.root"
          ]
        }
      ]
    }
  ],
  "check_results": null
}
